// !$*UTF8*$!
{
	archiveVersion = 1;
	classes = {
	};
	objectVersion = 56;
	objects = {

/* Begin PBXBuildFile section */
		CE2343D3296561EC006E981E /* SDWebImageSwiftUI in Frameworks */ = {isa = PBXBuildFile; productRef = CE2343D2296561EC006E981E /* SDWebImageSwiftUI */; };
		CE2343D52965674B006E981E /* MainMessagesViewModel.swift in Sources */ = {isa = PBXBuildFile; fileRef = CE2343D42965674B006E981E /* MainMessagesViewModel.swift */; };
		CE2343D8296567C9006E981E /* ChatUserModel.swift in Sources */ = {isa = PBXBuildFile; fileRef = CE2343D7296567C9006E981E /* ChatUserModel.swift */; };
		CE3964BD29631ACE00536D22 /* FirebaseManager.swift in Sources */ = {isa = PBXBuildFile; fileRef = CE3964BC29631ACE00536D22 /* FirebaseManager.swift */; };
		CE3964BF2963202600536D22 /* ImagePicker.swift in Sources */ = {isa = PBXBuildFile; fileRef = CE3964BE2963202600536D22 /* ImagePicker.swift */; };
		CE7809312964299C00DC6110 /* MainMessagesView.swift in Sources */ = {isa = PBXBuildFile; fileRef = CE7809302964299C00DC6110 /* MainMessagesView.swift */; };
		CEB63F372962E92C00D28C4C /* SwiftUI_ChatWithFirestoreApp.swift in Sources */ = {isa = PBXBuildFile; fileRef = CEB63F362962E92C00D28C4C /* SwiftUI_ChatWithFirestoreApp.swift */; };
		CEB63F392962E92C00D28C4C /* LoginView.swift in Sources */ = {isa = PBXBuildFile; fileRef = CEB63F382962E92C00D28C4C /* LoginView.swift */; };
		CEB63F3B2962E92E00D28C4C /* Assets.xcassets in Resources */ = {isa = PBXBuildFile; fileRef = CEB63F3A2962E92E00D28C4C /* Assets.xcassets */; };
		CEB63F3E2962E92E00D28C4C /* Preview Assets.xcassets in Resources */ = {isa = PBXBuildFile; fileRef = CEB63F3D2962E92E00D28C4C /* Preview Assets.xcassets */; };
		CEB63F462962FFE200D28C4C /* FirebaseAuth in Frameworks */ = {isa = PBXBuildFile; productRef = CEB63F452962FFE200D28C4C /* FirebaseAuth */; };
		CEB63F482962FFE200D28C4C /* FirebaseStorage in Frameworks */ = {isa = PBXBuildFile; productRef = CEB63F472962FFE200D28C4C /* FirebaseStorage */; };
		CEB63F4B296300C700D28C4C /* FirebaseFirestore in Frameworks */ = {isa = PBXBuildFile; productRef = CEB63F4A296300C700D28C4C /* FirebaseFirestore */; };
		CEB63F4D2963043E00D28C4C /* GoogleService-Info.plist in Resources */ = {isa = PBXBuildFile; fileRef = CEB63F4C2963043E00D28C4C /* GoogleService-Info.plist */; };
/* End PBXBuildFile section */

/* Begin PBXFileReference section */
		CE2343D42965674B006E981E /* MainMessagesViewModel.swift */ = {isa = PBXFileReference; lastKnownFileType = sourcecode.swift; path = MainMessagesViewModel.swift; sourceTree = "<group>"; };
		CE2343D7296567C9006E981E /* ChatUserModel.swift */ = {isa = PBXFileReference; lastKnownFileType = sourcecode.swift; path = ChatUserModel.swift; sourceTree = "<group>"; };
		CE3964BC29631ACE00536D22 /* FirebaseManager.swift */ = {isa = PBXFileReference; lastKnownFileType = sourcecode.swift; path = FirebaseManager.swift; sourceTree = "<group>"; };
		CE3964BE2963202600536D22 /* ImagePicker.swift */ = {isa = PBXFileReference; lastKnownFileType = sourcecode.swift; path = ImagePicker.swift; sourceTree = "<group>"; };
		CE7809302964299C00DC6110 /* MainMessagesView.swift */ = {isa = PBXFileReference; lastKnownFileType = sourcecode.swift; path = MainMessagesView.swift; sourceTree = "<group>"; };
		CEB63F332962E92C00D28C4C /* SwiftUI-ChatWithFirestore.app */ = {isa = PBXFileReference; explicitFileType = wrapper.application; includeInIndex = 0; path = "SwiftUI-ChatWithFirestore.app"; sourceTree = BUILT_PRODUCTS_DIR; };
		CEB63F362962E92C00D28C4C /* SwiftUI_ChatWithFirestoreApp.swift */ = {isa = PBXFileReference; lastKnownFileType = sourcecode.swift; path = SwiftUI_ChatWithFirestoreApp.swift; sourceTree = "<group>"; };
		CEB63F382962E92C00D28C4C /* LoginView.swift */ = {isa = PBXFileReference; lastKnownFileType = sourcecode.swift; path = LoginView.swift; sourceTree = "<group>"; };
		CEB63F3A2962E92E00D28C4C /* Assets.xcassets */ = {isa = PBXFileReference; lastKnownFileType = folder.assetcatalog; path = Assets.xcassets; sourceTree = "<group>"; };
		CEB63F3D2962E92E00D28C4C /* Preview Assets.xcassets */ = {isa = PBXFileReference; lastKnownFileType = folder.assetcatalog; path = "Preview Assets.xcassets"; sourceTree = "<group>"; };
		CEB63F4C2963043E00D28C4C /* GoogleService-Info.plist */ = {isa = PBXFileReference; fileEncoding = 4; lastKnownFileType = text.plist.xml; path = "GoogleService-Info.plist"; sourceTree = "<group>"; };
/* End PBXFileReference section */

/* Begin PBXFrameworksBuildPhase section */
		CEB63F302962E92C00D28C4C /* Frameworks */ = {
			isa = PBXFrameworksBuildPhase;
			buildActionMask = 2147483647;
			files = (
				CE2343D3296561EC006E981E /* SDWebImageSwiftUI in Frameworks */,
				CEB63F462962FFE200D28C4C /* FirebaseAuth in Frameworks */,
				CEB63F482962FFE200D28C4C /* FirebaseStorage in Frameworks */,
				CEB63F4B296300C700D28C4C /* FirebaseFirestore in Frameworks */,
			);
			runOnlyForDeploymentPostprocessing = 0;
		};
/* End PBXFrameworksBuildPhase section */

/* Begin PBXGroup section */
		CE1AB89A2964711100DD99D2 /* Helpers */ = {
			isa = PBXGroup;
			children = (
				CE3964BC29631ACE00536D22 /* FirebaseManager.swift */,
				CE3964BE2963202600536D22 /* ImagePicker.swift */,
			);
			path = Helpers;
			sourceTree = "<group>";
		};
		CE2343D6296567B1006E981E /* Models */ = {
			isa = PBXGroup;
			children = (
				CE2343D7296567C9006E981E /* ChatUserModel.swift */,
			);
			path = Models;
			sourceTree = "<group>";
		};
		CE78092F2964297800DC6110 /* MainMessages */ = {
			isa = PBXGroup;
			children = (
				CE7809302964299C00DC6110 /* MainMessagesView.swift */,
				CE2343D42965674B006E981E /* MainMessagesViewModel.swift */,
			);
			path = MainMessages;
			sourceTree = "<group>";
		};
		CEB63F2A2962E92C00D28C4C = {
			isa = PBXGroup;
			children = (
				CEB63F352962E92C00D28C4C /* SwiftUI-ChatWithFirestore */,
				CEB63F342962E92C00D28C4C /* Products */,
				CEB63F49296300C700D28C4C /* Frameworks */,
			);
			sourceTree = "<group>";
		};
		CEB63F342962E92C00D28C4C /* Products */ = {
			isa = PBXGroup;
			children = (
				CEB63F332962E92C00D28C4C /* SwiftUI-ChatWithFirestore.app */,
			);
			name = Products;
			sourceTree = "<group>";
		};
		CEB63F352962E92C00D28C4C /* SwiftUI-ChatWithFirestore */ = {
			isa = PBXGroup;
			children = (
				CE2343D6296567B1006E981E /* Models */,
				CEB63F362962E92C00D28C4C /* SwiftUI_ChatWithFirestoreApp.swift */,
				CEBE8EB429A78ECE00568283 /* LoginScren */,
				CE78092F2964297800DC6110 /* MainMessages */,
				CE1AB89A2964711100DD99D2 /* Helpers */,
				CEB63F3A2962E92E00D28C4C /* Assets.xcassets */,
				CEB63F4C2963043E00D28C4C /* GoogleService-Info.plist */,
				CEB63F3C2962E92E00D28C4C /* Preview Content */,
			);
			path = "SwiftUI-ChatWithFirestore";
			sourceTree = "<group>";
		};
		CEB63F3C2962E92E00D28C4C /* Preview Content */ = {
			isa = PBXGroup;
			children = (
				CEB63F3D2962E92E00D28C4C /* Preview Assets.xcassets */,
			);
			path = "Preview Content";
			sourceTree = "<group>";
		};
		CEB63F49296300C700D28C4C /* Frameworks */ = {
			isa = PBXGroup;
			children = (
			);
			name = Frameworks;
			sourceTree = "<group>";
		};
		CEBE8EB429A78ECE00568283 /* LoginScren */ = {
			isa = PBXGroup;
			children = (
				CEB63F382962E92C00D28C4C /* LoginView.swift */,
			);
			path = LoginScren;
			sourceTree = "<group>";
		};
/* End PBXGroup section */

/* Begin PBXNativeTarget section */
		CEB63F322962E92C00D28C4C /* SwiftUI-ChatWithFirestore */ = {
			isa = PBXNativeTarget;
			buildConfigurationList = CEB63F412962E92E00D28C4C /* Build configuration list for PBXNativeTarget "SwiftUI-ChatWithFirestore" */;
			buildPhases = (
				CEB63F2F2962E92C00D28C4C /* Sources */,
				CEB63F302962E92C00D28C4C /* Frameworks */,
				CEB63F312962E92C00D28C4C /* Resources */,
			);
			buildRules = (
			);
			dependencies = (
			);
			name = "SwiftUI-ChatWithFirestore";
			packageProductDependencies = (
				CEB63F452962FFE200D28C4C /* FirebaseAuth */,
				CEB63F472962FFE200D28C4C /* FirebaseStorage */,
				CEB63F4A296300C700D28C4C /* FirebaseFirestore */,
				CE2343D2296561EC006E981E /* SDWebImageSwiftUI */,
			);
			productName = "SwiftUI-ChatWithFirestore";
			productReference = CEB63F332962E92C00D28C4C /* SwiftUI-ChatWithFirestore.app */;
			productType = "com.apple.product-type.application";
		};
/* End PBXNativeTarget section */

/* Begin PBXProject section */
		CEB63F2B2962E92C00D28C4C /* Project object */ = {
			isa = PBXProject;
			attributes = {
				BuildIndependentTargetsInParallel = 1;
				LastSwiftUpdateCheck = 1400;
				LastUpgradeCheck = 1400;
				TargetAttributes = {
					CEB63F322962E92C00D28C4C = {
						CreatedOnToolsVersion = 14.0.1;
					};
				};
			};
			buildConfigurationList = CEB63F2E2962E92C00D28C4C /* Build configuration list for PBXProject "SwiftUI-ChatWithFirestore" */;
			compatibilityVersion = "Xcode 14.0";
			developmentRegion = en;
			hasScannedForEncodings = 0;
			knownRegions = (
				en,
				Base,
			);
			mainGroup = CEB63F2A2962E92C00D28C4C;
			packageReferences = (
				CEB63F442962FFE200D28C4C /* XCRemoteSwiftPackageReference "firebase-ios-sdk" */,
				CE2343D1296561EC006E981E /* XCRemoteSwiftPackageReference "SDWebImageSwiftUI" */,
			);
			productRefGroup = CEB63F342962E92C00D28C4C /* Products */;
			projectDirPath = "";
			projectRoot = "";
			targets = (
				CEB63F322962E92C00D28C4C /* SwiftUI-ChatWithFirestore */,
			);
		};
/* End PBXProject section */

/* Begin PBXResourcesBuildPhase section */
		CEB63F312962E92C00D28C4C /* Resources */ = {
			isa = PBXResourcesBuildPhase;
			buildActionMask = 2147483647;
			files = (
				CEB63F3E2962E92E00D28C4C /* Preview Assets.xcassets in Resources */,
				CEB63F3B2962E92E00D28C4C /* Assets.xcassets in Resources */,
				CEB63F4D2963043E00D28C4C /* GoogleService-Info.plist in Resources */,
			);
			runOnlyForDeploymentPostprocessing = 0;
		};
/* End PBXResourcesBuildPhase section */

/* Begin PBXSourcesBuildPhase section */
		CEB63F2F2962E92C00D28C4C /* Sources */ = {
			isa = PBXSourcesBuildPhase;
			buildActionMask = 2147483647;
			files = (
				CE3964BD29631ACE00536D22 /* FirebaseManager.swift in Sources */,
				CE3964BF2963202600536D22 /* ImagePicker.swift in Sources */,
				CEB63F392962E92C00D28C4C /* LoginView.swift in Sources */,
				CEB63F372962E92C00D28C4C /* SwiftUI_ChatWithFirestoreApp.swift in Sources */,
				CE7809312964299C00DC6110 /* MainMessagesView.swift in Sources */,
				CE2343D52965674B006E981E /* MainMessagesViewModel.swift in Sources */,
				CE2343D8296567C9006E981E /* ChatUserModel.swift in Sources */,
			);
			runOnlyForDeploymentPostprocessing = 0;
		};
/* End PBXSourcesBuildPhase section */

/* Begin XCBuildConfiguration section */
		CEB63F3F2962E92E00D28C4C /* Debug */ = {
			isa = XCBuildConfiguration;
			buildSettings = {
				ALWAYS_SEARCH_USER_PATHS = NO;
				CLANG_ANALYZER_NONNULL = YES;
				CLANG_ANALYZER_NUMBER_OBJECT_CONVERSION = YES_AGGRESSIVE;
				CLANG_CXX_LANGUAGE_STANDARD = "gnu++20";
				CLANG_ENABLE_MODULES = YES;
				CLANG_ENABLE_OBJC_ARC = YES;
				CLANG_ENABLE_OBJC_WEAK = YES;
				CLANG_WARN_BLOCK_CAPTURE_AUTORELEASING = YES;
				CLANG_WARN_BOOL_CONVERSION = YES;
				CLANG_WARN_COMMA = YES;
				CLANG_WARN_CONSTANT_CONVERSION = YES;
				CLANG_WARN_DEPRECATED_OBJC_IMPLEMENTATIONS = YES;
				CLANG_WARN_DIRECT_OBJC_ISA_USAGE = YES_ERROR;
				CLANG_WARN_DOCUMENTATION_COMMENTS = YES;
				CLANG_WARN_EMPTY_BODY = YES;
				CLANG_WARN_ENUM_CONVERSION = YES;
				CLANG_WARN_INFINITE_RECURSION = YES;
				CLANG_WARN_INT_CONVERSION = YES;
				CLANG_WARN_NON_LITERAL_NULL_CONVERSION = YES;
				CLANG_WARN_OBJC_IMPLICIT_RETAIN_SELF = YES;
				CLANG_WARN_OBJC_LITERAL_CONVERSION = YES;
				CLANG_WARN_OBJC_ROOT_CLASS = YES_ERROR;
				CLANG_WARN_QUOTED_INCLUDE_IN_FRAMEWORK_HEADER = YES;
				CLANG_WARN_RANGE_LOOP_ANALYSIS = YES;
				CLANG_WARN_STRICT_PROTOTYPES = YES;
				CLANG_WARN_SUSPICIOUS_MOVE = YES;
				CLANG_WARN_UNGUARDED_AVAILABILITY = YES_AGGRESSIVE;
				CLANG_WARN_UNREACHABLE_CODE = YES;
				CLANG_WARN__DUPLICATE_METHOD_MATCH = YES;
				COPY_PHASE_STRIP = NO;
				DEBUG_INFORMATION_FORMAT = dwarf;
				ENABLE_STRICT_OBJC_MSGSEND = YES;
				ENABLE_TESTABILITY = YES;
				GCC_C_LANGUAGE_STANDARD = gnu11;
				GCC_DYNAMIC_NO_PIC = NO;
				GCC_NO_COMMON_BLOCKS = YES;
				GCC_OPTIMIZATION_LEVEL = 0;
				GCC_PREPROCESSOR_DEFINITIONS = (
					"DEBUG=1",
					"$(inherited)",
				);
				GCC_WARN_64_TO_32_BIT_CONVERSION = YES;
				GCC_WARN_ABOUT_RETURN_TYPE = YES_ERROR;
				GCC_WARN_UNDECLARED_SELECTOR = YES;
				GCC_WARN_UNINITIALIZED_AUTOS = YES_AGGRESSIVE;
				GCC_WARN_UNUSED_FUNCTION = YES;
				GCC_WARN_UNUSED_VARIABLE = YES;
				IPHONEOS_DEPLOYMENT_TARGET = 16.0;
				MTL_ENABLE_DEBUG_INFO = INCLUDE_SOURCE;
				MTL_FAST_MATH = YES;
				ONLY_ACTIVE_ARCH = YES;
				SDKROOT = iphoneos;
				SWIFT_ACTIVE_COMPILATION_CONDITIONS = DEBUG;
				SWIFT_OPTIMIZATION_LEVEL = "-Onone";
			};
			name = Debug;
		};
		CEB63F402962E92E00D28C4C /* Release */ = {
			isa = XCBuildConfiguration;
			buildSettings = {
				ALWAYS_SEARCH_USER_PATHS = NO;
				CLANG_ANALYZER_NONNULL = YES;
				CLANG_ANALYZER_NUMBER_OBJECT_CONVERSION = YES_AGGRESSIVE;
				CLANG_CXX_LANGUAGE_STANDARD = "gnu++20";
				CLANG_ENABLE_MODULES = YES;
				CLANG_ENABLE_OBJC_ARC = YES;
				CLANG_ENABLE_OBJC_WEAK = YES;
				CLANG_WARN_BLOCK_CAPTURE_AUTORELEASING = YES;
				CLANG_WARN_BOOL_CONVERSION = YES;
				CLANG_WARN_COMMA = YES;
				CLANG_WARN_CONSTANT_CONVERSION = YES;
				CLANG_WARN_DEPRECATED_OBJC_IMPLEMENTATIONS = YES;
				CLANG_WARN_DIRECT_OBJC_ISA_USAGE = YES_ERROR;
				CLANG_WARN_DOCUMENTATION_COMMENTS = YES;
				CLANG_WARN_EMPTY_BODY = YES;
				CLANG_WARN_ENUM_CONVERSION = YES;
				CLANG_WARN_INFINITE_RECURSION = YES;
				CLANG_WARN_INT_CONVERSION = YES;
				CLANG_WARN_NON_LITERAL_NULL_CONVERSION = YES;
				CLANG_WARN_OBJC_IMPLICIT_RETAIN_SELF = YES;
				CLANG_WARN_OBJC_LITERAL_CONVERSION = YES;
				CLANG_WARN_OBJC_ROOT_CLASS = YES_ERROR;
				CLANG_WARN_QUOTED_INCLUDE_IN_FRAMEWORK_HEADER = YES;
				CLANG_WARN_RANGE_LOOP_ANALYSIS = YES;
				CLANG_WARN_STRICT_PROTOTYPES = YES;
				CLANG_WARN_SUSPICIOUS_MOVE = YES;
				CLANG_WARN_UNGUARDED_AVAILABILITY = YES_AGGRESSIVE;
				CLANG_WARN_UNREACHABLE_CODE = YES;
				CLANG_WARN__DUPLICATE_METHOD_MATCH = YES;
				COPY_PHASE_STRIP = NO;
				DEBUG_INFORMATION_FORMAT = "dwarf-with-dsym";
				ENABLE_NS_ASSERTIONS = NO;
				ENABLE_STRICT_OBJC_MSGSEND = YES;
				GCC_C_LANGUAGE_STANDARD = gnu11;
				GCC_NO_COMMON_BLOCKS = YES;
				GCC_WARN_64_TO_32_BIT_CONVERSION = YES;
				GCC_WARN_ABOUT_RETURN_TYPE = YES_ERROR;
				GCC_WARN_UNDECLARED_SELECTOR = YES;
				GCC_WARN_UNINITIALIZED_AUTOS = YES_AGGRESSIVE;
				GCC_WARN_UNUSED_FUNCTION = YES;
				GCC_WARN_UNUSED_VARIABLE = YES;
				IPHONEOS_DEPLOYMENT_TARGET = 16.0;
				MTL_ENABLE_DEBUG_INFO = NO;
				MTL_FAST_MATH = YES;
				SDKROOT = iphoneos;
				SWIFT_COMPILATION_MODE = wholemodule;
				SWIFT_OPTIMIZATION_LEVEL = "-O";
				VALIDATE_PRODUCT = YES;
			};
			name = Release;
		};
		CEB63F422962E92E00D28C4C /* Debug */ = {
			isa = XCBuildConfiguration;
			buildSettings = {
				ASSETCATALOG_COMPILER_APPICON_NAME = AppIcon;
				ASSETCATALOG_COMPILER_GLOBAL_ACCENT_COLOR_NAME = AccentColor;
				CODE_SIGN_STYLE = Automatic;
				CURRENT_PROJECT_VERSION = 1;
				DEVELOPMENT_ASSET_PATHS = "\"SwiftUI-ChatWithFirestore/Preview Content\"";
				DEVELOPMENT_TEAM = 2SH6M45DR3;
				ENABLE_PREVIEWS = YES;
				GENERATE_INFOPLIST_FILE = YES;
				INFOPLIST_KEY_UIApplicationSceneManifest_Generation = YES;
				INFOPLIST_KEY_UIApplicationSupportsIndirectInputEvents = YES;
				INFOPLIST_KEY_UILaunchScreen_Generation = YES;
				INFOPLIST_KEY_UISupportedInterfaceOrientations_iPad = "UIInterfaceOrientationPortrait UIInterfaceOrientationPortraitUpsideDown UIInterfaceOrientationLandscapeLeft UIInterfaceOrientationLandscapeRight";
				INFOPLIST_KEY_UISupportedInterfaceOrientations_iPhone = "UIInterfaceOrientationPortrait UIInterfaceOrientationLandscapeLeft UIInterfaceOrientationLandscapeRight";
				LD_RUNPATH_SEARCH_PATHS = (
					"$(inherited)",
					"@executable_path/Frameworks",
				);
				MARKETING_VERSION = 1.0;
				PRODUCT_BUNDLE_IDENTIFIER = "vv.SwiftUI-ChatWithFirestore";
				PRODUCT_NAME = "$(TARGET_NAME)";
				SWIFT_EMIT_LOC_STRINGS = YES;
				SWIFT_VERSION = 5.0;
				TARGETED_DEVICE_FAMILY = "1,2";
			};
			name = Debug;
		};
		CEB63F432962E92E00D28C4C /* Release */ = {
			isa = XCBuildConfiguration;
			buildSettings = {
				ASSETCATALOG_COMPILER_APPICON_NAME = AppIcon;
				ASSETCATALOG_COMPILER_GLOBAL_ACCENT_COLOR_NAME = AccentColor;
				CODE_SIGN_STYLE = Automatic;
				CURRENT_PROJECT_VERSION = 1;
				DEVELOPMENT_ASSET_PATHS = "\"SwiftUI-ChatWithFirestore/Preview Content\"";
				DEVELOPMENT_TEAM = 2SH6M45DR3;
				ENABLE_PREVIEWS = YES;
				GENERATE_INFOPLIST_FILE = YES;
				INFOPLIST_KEY_UIApplicationSceneManifest_Generation = YES;
				INFOPLIST_KEY_UIApplicationSupportsIndirectInputEvents = YES;
				INFOPLIST_KEY_UILaunchScreen_Generation = YES;
				INFOPLIST_KEY_UISupportedInterfaceOrientations_iPad = "UIInterfaceOrientationPortrait UIInterfaceOrientationPortraitUpsideDown UIInterfaceOrientationLandscapeLeft UIInterfaceOrientationLandscapeRight";
				INFOPLIST_KEY_UISupportedInterfaceOrientations_iPhone = "UIInterfaceOrientationPortrait UIInterfaceOrientationLandscapeLeft UIInterfaceOrientationLandscapeRight";
				LD_RUNPATH_SEARCH_PATHS = (
					"$(inherited)",
					"@executable_path/Frameworks",
				);
				MARKETING_VERSION = 1.0;
				PRODUCT_BUNDLE_IDENTIFIER = "vv.SwiftUI-ChatWithFirestore";
				PRODUCT_NAME = "$(TARGET_NAME)";
				SWIFT_EMIT_LOC_STRINGS = YES;
				SWIFT_VERSION = 5.0;
				TARGETED_DEVICE_FAMILY = "1,2";
			};
			name = Release;
		};
/* End XCBuildConfiguration section */

/* Begin XCConfigurationList section */
		CEB63F2E2962E92C00D28C4C /* Build configuration list for PBXProject "SwiftUI-ChatWithFirestore" */ = {
			isa = XCConfigurationList;
			buildConfigurations = (
				CEB63F3F2962E92E00D28C4C /* Debug */,
				CEB63F402962E92E00D28C4C /* Release */,
			);
			defaultConfigurationIsVisible = 0;
			defaultConfigurationName = Release;
		};
		CEB63F412962E92E00D28C4C /* Build configuration list for PBXNativeTarget "SwiftUI-ChatWithFirestore" */ = {
			isa = XCConfigurationList;
			buildConfigurations = (
				CEB63F422962E92E00D28C4C /* Debug */,
				CEB63F432962E92E00D28C4C /* Release */,
			);
			defaultConfigurationIsVisible = 0;
			defaultConfigurationName = Release;
		};
/* End XCConfigurationList section */

/* Begin XCRemoteSwiftPackageReference section */
		CE2343D1296561EC006E981E /* XCRemoteSwiftPackageReference "SDWebImageSwiftUI" */ = {
			isa = XCRemoteSwiftPackageReference;
			repositoryURL = "https://github.com/SDWebImage/SDWebImageSwiftUI";
			requirement = {
				kind = upToNextMajorVersion;
				minimumVersion = 2.0.0;
			};
		};
		CEB63F442962FFE200D28C4C /* XCRemoteSwiftPackageReference "firebase-ios-sdk" */ = {
			isa = XCRemoteSwiftPackageReference;
			repositoryURL = "https://github.com/firebase/firebase-ios-sdk.git";
			requirement = {
				kind = upToNextMajorVersion;
				minimumVersion = 9.0.0;
			};
		};
/* End XCRemoteSwiftPackageReference section */

/* Begin XCSwiftPackageProductDependency section */
		CE2343D2296561EC006E981E /* SDWebImageSwiftUI */ = {
			isa = XCSwiftPackageProductDependency;
			package = CE2343D1296561EC006E981E /* XCRemoteSwiftPackageReference "SDWebImageSwiftUI" */;
			productName = SDWebImageSwiftUI;
		};
		CEB63F452962FFE200D28C4C /* FirebaseAuth */ = {
			isa = XCSwiftPackageProductDependency;
			package = CEB63F442962FFE200D28C4C /* XCRemoteSwiftPackageReference "firebase-ios-sdk" */;
			productName = FirebaseAuth;
		};
		CEB63F472962FFE200D28C4C /* FirebaseStorage */ = {
			isa = XCSwiftPackageProductDependency;
			package = CEB63F442962FFE200D28C4C /* XCRemoteSwiftPackageReference "firebase-ios-sdk" */;
			productName = FirebaseStorage;
		};
		CEB63F4A296300C700D28C4C /* FirebaseFirestore */ = {
			isa = XCSwiftPackageProductDependency;
			package = CEB63F442962FFE200D28C4C /* XCRemoteSwiftPackageReference "firebase-ios-sdk" */;
			productName = FirebaseFirestore;
		};
/* End XCSwiftPackageProductDependency section */
	};
	rootObject = CEB63F2B2962E92C00D28C4C /* Project object */;
}
